
Microsoft Visual Studio Solution File, Format Version 12.00
Project("{F2A71F9B-5D33-465A-A702-920D77279786}") = "ExactArithmetic", "ExactArithmetic\ExactArithmetic.fsproj", "{6400491D-C1CE-45EE-9699-7A77D4CA4BD9}"
EndProject
Global
	GlobalSection(SolutionConfigurationPlatforms) = preSolution
		Debug|Any CPU = Debug|Any CPU
		Release|Any CPU = Release|Any CPU
	EndGlobalSection
	GlobalSection(ProjectConfigurationPlatforms) = postSolution
		{6400491D-C1CE-45EE-9699-7A77D4CA4BD9}.Debug|Any CPU.ActiveCfg = Debug|Any CPU
		{6400491D-C1CE-45EE-9699-7A77D4CA4BD9}.Debug|Any CPU.Build.0 = Debug|Any CPU
		{6400491D-C1CE-45EE-9699-7A77D4CA4BD9}.Release|Any CPU.ActiveCfg = Release|Any CPU
		{6400491D-C1CE-45EE-9699-7A77D4CA4BD9}.Release|Any CPU.Build.0 = Release|Any CPU
	EndGlobalSection
EndGlobal
